
Microsoft Visual Studio Solution File, Format Version 12.00
# Visual Studio 15
VisualStudioVersion = 15.0.26403.0
MinimumVisualStudioVersion = 10.0.40219.1
Project("{FAE04EC0-301F-11D3-BF4B-00C04F79EFBC}") = "ABTestDotNetCore", "ABTestDotNetCore\ABTestDotNetCore.csproj", "{68DDA545-E0DB-486E-87FD-311214FCCEA1}"
EndProject
Project("{FAE04EC0-301F-11D3-BF4B-00C04F79EFBC}") = "ABTestDotNetCore.Main", "ABTestDotNetCore.Main\ABTestDotNetCore.Main.csproj", "{D477C3BA-6F97-4A42-9F25-59A39940F6E0}"
EndProject
Project("{2150E333-8FDC-42A3-9474-1A3956D46DE8}") = "Solution Items", "Solution Items", "{4616A49E-E9CF-4818-9EC3-5A8F53389B7D}"
	ProjectSection(SolutionItems) = preProject
		README.md = README.md
	EndProjectSection
EndProject
Global
	GlobalSection(SolutionConfigurationPlatforms) = preSolution
		Debug|Any CPU = Debug|Any CPU
		Release|Any CPU = Release|Any CPU
	EndGlobalSection
	GlobalSection(ProjectConfigurationPlatforms) = postSolution
		{68DDA545-E0DB-486E-87FD-311214FCCEA1}.Debug|Any CPU.ActiveCfg = Debug|Any CPU
		{68DDA545-E0DB-486E-87FD-311214FCCEA1}.Debug|Any CPU.Build.0 = Debug|Any CPU
		{68DDA545-E0DB-486E-87FD-311214FCCEA1}.Release|Any CPU.ActiveCfg = Release|Any CPU
		{68DDA545-E0DB-486E-87FD-311214FCCEA1}.Release|Any CPU.Build.0 = Release|Any CPU
		{D477C3BA-6F97-4A42-9F25-59A39940F6E0}.Debug|Any CPU.ActiveCfg = Debug|Any CPU
		{D477C3BA-6F97-4A42-9F25-59A39940F6E0}.Debug|Any CPU.Build.0 = Debug|Any CPU
		{D477C3BA-6F97-4A42-9F25-59A39940F6E0}.Release|Any CPU.ActiveCfg = Release|Any CPU
		{D477C3BA-6F97-4A42-9F25-59A39940F6E0}.Release|Any CPU.Build.0 = Release|Any CPU
	EndGlobalSection
	GlobalSection(SolutionProperties) = preSolution
		HideSolutionNode = FALSE
	EndGlobalSection
EndGlobal
